// !$*UTF8*$!
{
	archiveVersion = 1;
	classes = {
	};
	objectVersion = 50;
	objects = {

/* Begin PBXBuildFile section */
		10CD26E0A0BC9206F4676488 /* Pods_ChabitApp.framework in Frameworks */ = {isa = PBXBuildFile; fileRef = 9480CBDAF2DF8A58B4D22A1A /* Pods_ChabitApp.framework */; };
		EB17A24322DF45310081D7DF /* Home.storyboard in Resources */ = {isa = PBXBuildFile; fileRef = EB17A24222DF45310081D7DF /* Home.storyboard */; };
		EB17A24522DF45720081D7DF /* Progress.storyboard in Resources */ = {isa = PBXBuildFile; fileRef = EB17A24422DF45720081D7DF /* Progress.storyboard */; };
		EB17A24722DF45890081D7DF /* Setting.storyboard in Resources */ = {isa = PBXBuildFile; fileRef = EB17A24622DF45890081D7DF /* Setting.storyboard */; };
		EB17A24922DF45BA0081D7DF /* HomeViewController.swift in Sources */ = {isa = PBXBuildFile; fileRef = EB17A24822DF45BA0081D7DF /* HomeViewController.swift */; };
		EB17A24B22DF45D70081D7DF /* ProgressViewController.swift in Sources */ = {isa = PBXBuildFile; fileRef = EB17A24A22DF45D70081D7DF /* ProgressViewController.swift */; };
		EB17A24F22DF460F0081D7DF /* SettingViewController.swift in Sources */ = {isa = PBXBuildFile; fileRef = EB17A24E22DF460F0081D7DF /* SettingViewController.swift */; };
		EB17A25122DF48920081D7DF /* Habit.swift in Sources */ = {isa = PBXBuildFile; fileRef = EB17A25022DF48920081D7DF /* Habit.swift */; };
		EBAF1DB222DF04BD002FFFF0 /* AppDelegate.swift in Sources */ = {isa = PBXBuildFile; fileRef = EBAF1DB122DF04BD002FFFF0 /* AppDelegate.swift */; };
		EBAF1DB422DF04BD002FFFF0 /* ViewController.swift in Sources */ = {isa = PBXBuildFile; fileRef = EBAF1DB322DF04BD002FFFF0 /* ViewController.swift */; };
		EBAF1DB722DF04BD002FFFF0 /* Main.storyboard in Resources */ = {isa = PBXBuildFile; fileRef = EBAF1DB522DF04BD002FFFF0 /* Main.storyboard */; };
		EBAF1DBA22DF04BD002FFFF0 /* ChabitApp.xcdatamodeld in Sources */ = {isa = PBXBuildFile; fileRef = EBAF1DB822DF04BD002FFFF0 /* ChabitApp.xcdatamodeld */; };
		EBAF1DBC22DF04BE002FFFF0 /* Assets.xcassets in Resources */ = {isa = PBXBuildFile; fileRef = EBAF1DBB22DF04BE002FFFF0 /* Assets.xcassets */; };
		EBAF1DBF22DF04BE002FFFF0 /* LaunchScreen.storyboard in Resources */ = {isa = PBXBuildFile; fileRef = EBAF1DBD22DF04BE002FFFF0 /* LaunchScreen.storyboard */; };
		EBAF1DC722DF050D002FFFF0 /* .gitignore in Resources */ = {isa = PBXBuildFile; fileRef = EBAF1DC622DF050D002FFFF0 /* .gitignore */; };
/* End PBXBuildFile section */

/* Begin PBXFileReference section */
		13CEF8B5F2E4D480076EA675 /* Pods-ChabitApp.release.xcconfig */ = {isa = PBXFileReference; includeInIndex = 1; lastKnownFileType = text.xcconfig; name = "Pods-ChabitApp.release.xcconfig"; path = "Target Support Files/Pods-ChabitApp/Pods-ChabitApp.release.xcconfig"; sourceTree = "<group>"; };
		9480CBDAF2DF8A58B4D22A1A /* Pods_ChabitApp.framework */ = {isa = PBXFileReference; explicitFileType = wrapper.framework; includeInIndex = 0; path = Pods_ChabitApp.framework; sourceTree = BUILT_PRODUCTS_DIR; };
		EB17A24222DF45310081D7DF /* Home.storyboard */ = {isa = PBXFileReference; fileEncoding = 4; lastKnownFileType = file.storyboard; path = Home.storyboard; sourceTree = "<group>"; };
		EB17A24422DF45720081D7DF /* Progress.storyboard */ = {isa = PBXFileReference; fileEncoding = 4; lastKnownFileType = file.storyboard; path = Progress.storyboard; sourceTree = "<group>"; };
		EB17A24622DF45890081D7DF /* Setting.storyboard */ = {isa = PBXFileReference; fileEncoding = 4; lastKnownFileType = file.storyboard; path = Setting.storyboard; sourceTree = "<group>"; };
		EB17A24822DF45BA0081D7DF /* HomeViewController.swift */ = {isa = PBXFileReference; lastKnownFileType = sourcecode.swift; path = HomeViewController.swift; sourceTree = "<group>"; };
		EB17A24A22DF45D70081D7DF /* ProgressViewController.swift */ = {isa = PBXFileReference; lastKnownFileType = sourcecode.swift; path = ProgressViewController.swift; sourceTree = "<group>"; };
		EB17A24E22DF460F0081D7DF /* SettingViewController.swift */ = {isa = PBXFileReference; lastKnownFileType = sourcecode.swift; path = SettingViewController.swift; sourceTree = "<group>"; };
		EB17A25022DF48920081D7DF /* Habit.swift */ = {isa = PBXFileReference; lastKnownFileType = sourcecode.swift; path = Habit.swift; sourceTree = "<group>"; };
		EBAF1DAE22DF04BD002FFFF0 /* ChabitApp.app */ = {isa = PBXFileReference; explicitFileType = wrapper.application; includeInIndex = 0; path = ChabitApp.app; sourceTree = BUILT_PRODUCTS_DIR; };
		EBAF1DB122DF04BD002FFFF0 /* AppDelegate.swift */ = {isa = PBXFileReference; lastKnownFileType = sourcecode.swift; path = AppDelegate.swift; sourceTree = "<group>"; };
		EBAF1DB322DF04BD002FFFF0 /* ViewController.swift */ = {isa = PBXFileReference; lastKnownFileType = sourcecode.swift; path = ViewController.swift; sourceTree = "<group>"; };
		EBAF1DB622DF04BD002FFFF0 /* Base */ = {isa = PBXFileReference; lastKnownFileType = file.storyboard; name = Base; path = Base.lproj/Main.storyboard; sourceTree = "<group>"; };
		EBAF1DB922DF04BD002FFFF0 /* ChabitApp.xcdatamodel */ = {isa = PBXFileReference; lastKnownFileType = wrapper.xcdatamodel; path = ChabitApp.xcdatamodel; sourceTree = "<group>"; };
		EBAF1DBB22DF04BE002FFFF0 /* Assets.xcassets */ = {isa = PBXFileReference; lastKnownFileType = folder.assetcatalog; path = Assets.xcassets; sourceTree = "<group>"; };
		EBAF1DBE22DF04BE002FFFF0 /* Base */ = {isa = PBXFileReference; lastKnownFileType = file.storyboard; name = Base; path = Base.lproj/LaunchScreen.storyboard; sourceTree = "<group>"; };
		EBAF1DC022DF04BE002FFFF0 /* Info.plist */ = {isa = PBXFileReference; lastKnownFileType = text.plist.xml; path = Info.plist; sourceTree = "<group>"; };
		EBAF1DC622DF050D002FFFF0 /* .gitignore */ = {isa = PBXFileReference; lastKnownFileType = text; path = .gitignore; sourceTree = "<group>"; };
		FB48D46067E7EA3651D32340 /* Pods-ChabitApp.debug.xcconfig */ = {isa = PBXFileReference; includeInIndex = 1; lastKnownFileType = text.xcconfig; name = "Pods-ChabitApp.debug.xcconfig"; path = "Target Support Files/Pods-ChabitApp/Pods-ChabitApp.debug.xcconfig"; sourceTree = "<group>"; };
/* End PBXFileReference section */

/* Begin PBXFrameworksBuildPhase section */
		EBAF1DAB22DF04BD002FFFF0 /* Frameworks */ = {
			isa = PBXFrameworksBuildPhase;
			buildActionMask = 2147483647;
			files = (
				10CD26E0A0BC9206F4676488 /* Pods_ChabitApp.framework in Frameworks */,
			);
			runOnlyForDeploymentPostprocessing = 0;
		};
/* End PBXFrameworksBuildPhase section */

/* Begin PBXGroup section */
		0CFA70D46B32C505C4CF5F4F /* Frameworks */ = {
			isa = PBXGroup;
			children = (
				9480CBDAF2DF8A58B4D22A1A /* Pods_ChabitApp.framework */,
			);
			name = Frameworks;
			sourceTree = "<group>";
		};
		869CA942569DB50C8A6313B3 /* Pods */ = {
			isa = PBXGroup;
			children = (
				FB48D46067E7EA3651D32340 /* Pods-ChabitApp.debug.xcconfig */,
				13CEF8B5F2E4D480076EA675 /* Pods-ChabitApp.release.xcconfig */,
			);
			name = Pods;
			path = Pods;
			sourceTree = "<group>";
		};
		EB17A23D22DF43650081D7DF /* View */ = {
			isa = PBXGroup;
			children = (
				EB17A24622DF45890081D7DF /* Setting.storyboard */,
				EBAF1DB522DF04BD002FFFF0 /* Main.storyboard */,
				EBAF1DBD22DF04BE002FFFF0 /* LaunchScreen.storyboard */,
				EB17A24222DF45310081D7DF /* Home.storyboard */,
				EB17A24422DF45720081D7DF /* Progress.storyboard */,
			);
			path = View;
			sourceTree = "<group>";
		};
		EB17A23E22DF43DD0081D7DF /* Model */ = {
			isa = PBXGroup;
			children = (
				EB17A25022DF48920081D7DF /* Habit.swift */,
			);
			path = Model;
			sourceTree = "<group>";
		};
		EB17A23F22DF43E90081D7DF /* Controller */ = {
			isa = PBXGroup;
			children = (
				EBAF1DB322DF04BD002FFFF0 /* ViewController.swift */,
				EB17A24822DF45BA0081D7DF /* HomeViewController.swift */,
				EB17A24A22DF45D70081D7DF /* ProgressViewController.swift */,
				EB17A24E22DF460F0081D7DF /* SettingViewController.swift */,
			);
			path = Controller;
			sourceTree = "<group>";
		};
		EBAF1DA522DF04BD002FFFF0 = {
			isa = PBXGroup;
			children = (
				EBAF1DC622DF050D002FFFF0 /* .gitignore */,
				EBAF1DB022DF04BD002FFFF0 /* ChabitApp */,
				EBAF1DAF22DF04BD002FFFF0 /* Products */,
				869CA942569DB50C8A6313B3 /* Pods */,
				0CFA70D46B32C505C4CF5F4F /* Frameworks */,
			);
			sourceTree = "<group>";
		};
		EBAF1DAF22DF04BD002FFFF0 /* Products */ = {
			isa = PBXGroup;
			children = (
				EBAF1DAE22DF04BD002FFFF0 /* ChabitApp.app */,
			);
			name = Products;
			sourceTree = "<group>";
		};
		EBAF1DB022DF04BD002FFFF0 /* ChabitApp */ = {
			isa = PBXGroup;
			children = (
				EB17A23F22DF43E90081D7DF /* Controller */,
				EB17A23E22DF43DD0081D7DF /* Model */,
				EB17A23D22DF43650081D7DF /* View */,
				EBAF1DB122DF04BD002FFFF0 /* AppDelegate.swift */,
				EBAF1DBB22DF04BE002FFFF0 /* Assets.xcassets */,
				EBAF1DC022DF04BE002FFFF0 /* Info.plist */,
				EBAF1DB822DF04BD002FFFF0 /* ChabitApp.xcdatamodeld */,
			);
			path = ChabitApp;
			sourceTree = "<group>";
		};
/* End PBXGroup section */

/* Begin PBXNativeTarget section */
		EBAF1DAD22DF04BD002FFFF0 /* ChabitApp */ = {
			isa = PBXNativeTarget;
			buildConfigurationList = EBAF1DC322DF04BE002FFFF0 /* Build configuration list for PBXNativeTarget "ChabitApp" */;
			buildPhases = (
				21F4DB0FDD01E292BBF10387 /* [CP] Check Pods Manifest.lock */,
				EBAF1DAA22DF04BD002FFFF0 /* Sources */,
				EBAF1DAB22DF04BD002FFFF0 /* Frameworks */,
				EBAF1DAC22DF04BD002FFFF0 /* Resources */,
			);
			buildRules = (
			);
			dependencies = (
			);
			name = ChabitApp;
			productName = ChabitApp;
			productReference = EBAF1DAE22DF04BD002FFFF0 /* ChabitApp.app */;
			productType = "com.apple.product-type.application";
		};
/* End PBXNativeTarget section */

/* Begin PBXProject section */
		EBAF1DA622DF04BD002FFFF0 /* Project object */ = {
			isa = PBXProject;
			attributes = {
				LastSwiftUpdateCheck = 1020;
				LastUpgradeCheck = 1020;
				ORGANIZATIONNAME = C2G10;
				TargetAttributes = {
					EBAF1DAD22DF04BD002FFFF0 = {
						CreatedOnToolsVersion = 10.2.1;
					};
				};
			};
			buildConfigurationList = EBAF1DA922DF04BD002FFFF0 /* Build configuration list for PBXProject "ChabitApp" */;
			compatibilityVersion = "Xcode 9.3";
			developmentRegion = en;
			hasScannedForEncodings = 0;
			knownRegions = (
				en,
				Base,
			);
			mainGroup = EBAF1DA522DF04BD002FFFF0;
			productRefGroup = EBAF1DAF22DF04BD002FFFF0 /* Products */;
			projectDirPath = "";
			projectRoot = "";
			targets = (
				EBAF1DAD22DF04BD002FFFF0 /* ChabitApp */,
			);
		};
/* End PBXProject section */

/* Begin PBXResourcesBuildPhase section */
		EBAF1DAC22DF04BD002FFFF0 /* Resources */ = {
			isa = PBXResourcesBuildPhase;
			buildActionMask = 2147483647;
			files = (
				EBAF1DC722DF050D002FFFF0 /* .gitignore in Resources */,
				EB17A24322DF45310081D7DF /* Home.storyboard in Resources */,
				EB17A24722DF45890081D7DF /* Setting.storyboard in Resources */,
				EBAF1DBF22DF04BE002FFFF0 /* LaunchScreen.storyboard in Resources */,
				EB17A24522DF45720081D7DF /* Progress.storyboard in Resources */,
				EBAF1DBC22DF04BE002FFFF0 /* Assets.xcassets in Resources */,
				EBAF1DB722DF04BD002FFFF0 /* Main.storyboard in Resources */,
			);
			runOnlyForDeploymentPostprocessing = 0;
		};
/* End PBXResourcesBuildPhase section */

/* Begin PBXShellScriptBuildPhase section */
		21F4DB0FDD01E292BBF10387 /* [CP] Check Pods Manifest.lock */ = {
			isa = PBXShellScriptBuildPhase;
			buildActionMask = 2147483647;
			files = (
			);
			inputFileListPaths = (
			);
			inputPaths = (
				"${PODS_PODFILE_DIR_PATH}/Podfile.lock",
				"${PODS_ROOT}/Manifest.lock",
			);
			name = "[CP] Check Pods Manifest.lock";
			outputFileListPaths = (
			);
			outputPaths = (
				"$(DERIVED_FILE_DIR)/Pods-ChabitApp-checkManifestLockResult.txt",
			);
			runOnlyForDeploymentPostprocessing = 0;
			shellPath = /bin/sh;
			shellScript = "diff \"${PODS_PODFILE_DIR_PATH}/Podfile.lock\" \"${PODS_ROOT}/Manifest.lock\" > /dev/null\nif [ $? != 0 ] ; then\n    # print error to STDERR\n    echo \"error: The sandbox is not in sync with the Podfile.lock. Run 'pod install' or update your CocoaPods installation.\" >&2\n    exit 1\nfi\n# This output is used by Xcode 'outputs' to avoid re-running this script phase.\necho \"SUCCESS\" > \"${SCRIPT_OUTPUT_FILE_0}\"\n";
			showEnvVarsInLog = 0;
		};
/* End PBXShellScriptBuildPhase section */

/* Begin PBXSourcesBuildPhase section */
		EBAF1DAA22DF04BD002FFFF0 /* Sources */ = {
			isa = PBXSourcesBuildPhase;
			buildActionMask = 2147483647;
			files = (
				EB17A24B22DF45D70081D7DF /* ProgressViewController.swift in Sources */,
				EBAF1DB422DF04BD002FFFF0 /* ViewController.swift in Sources */,
				EBAF1DBA22DF04BD002FFFF0 /* ChabitApp.xcdatamodeld in Sources */,
				EB17A25122DF48920081D7DF /* Habit.swift in Sources */,
				EBAF1DB222DF04BD002FFFF0 /* AppDelegate.swift in Sources */,
				EB17A24922DF45BA0081D7DF /* HomeViewController.swift in Sources */,
				EB17A24F22DF460F0081D7DF /* SettingViewController.swift in Sources */,
			);
			runOnlyForDeploymentPostprocessing = 0;
		};
/* End PBXSourcesBuildPhase section */

/* Begin PBXVariantGroup section */
		EBAF1DB522DF04BD002FFFF0 /* Main.storyboard */ = {
			isa = PBXVariantGroup;
			children = (
				EBAF1DB622DF04BD002FFFF0 /* Base */,
			);
			name = Main.storyboard;
			sourceTree = "<group>";
		};
		EBAF1DBD22DF04BE002FFFF0 /* LaunchScreen.storyboard */ = {
			isa = PBXVariantGroup;
			children = (
				EBAF1DBE22DF04BE002FFFF0 /* Base */,
			);
			name = LaunchScreen.storyboard;
			sourceTree = "<group>";
		};
/* End PBXVariantGroup section */

/* Begin XCBuildConfiguration section */
		EBAF1DC122DF04BE002FFFF0 /* Debug */ = {
			isa = XCBuildConfiguration;
			buildSettings = {
				ALWAYS_SEARCH_USER_PATHS = NO;
				CLANG_ANALYZER_NONNULL = YES;
				CLANG_ANALYZER_NUMBER_OBJECT_CONVERSION = YES_AGGRESSIVE;
				CLANG_CXX_LANGUAGE_STANDARD = "gnu++14";
				CLANG_CXX_LIBRARY = "libc++";
				CLANG_ENABLE_MODULES = YES;
				CLANG_ENABLE_OBJC_ARC = YES;
				CLANG_ENABLE_OBJC_WEAK = YES;
				CLANG_WARN_BLOCK_CAPTURE_AUTORELEASING = YES;
				CLANG_WARN_BOOL_CONVERSION = YES;
				CLANG_WARN_COMMA = YES;
				CLANG_WARN_CONSTANT_CONVERSION = YES;
				CLANG_WARN_DEPRECATED_OBJC_IMPLEMENTATIONS = YES;
				CLANG_WARN_DIRECT_OBJC_ISA_USAGE = YES_ERROR;
				CLANG_WARN_DOCUMENTATION_COMMENTS = YES;
				CLANG_WARN_EMPTY_BODY = YES;
				CLANG_WARN_ENUM_CONVERSION = YES;
				CLANG_WARN_INFINITE_RECURSION = YES;
				CLANG_WARN_INT_CONVERSION = YES;
				CLANG_WARN_NON_LITERAL_NULL_CONVERSION = YES;
				CLANG_WARN_OBJC_IMPLICIT_RETAIN_SELF = YES;
				CLANG_WARN_OBJC_LITERAL_CONVERSION = YES;
				CLANG_WARN_OBJC_ROOT_CLASS = YES_ERROR;
				CLANG_WARN_RANGE_LOOP_ANALYSIS = YES;
				CLANG_WARN_STRICT_PROTOTYPES = YES;
				CLANG_WARN_SUSPICIOUS_MOVE = YES;
				CLANG_WARN_UNGUARDED_AVAILABILITY = YES_AGGRESSIVE;
				CLANG_WARN_UNREACHABLE_CODE = YES;
				CLANG_WARN__DUPLICATE_METHOD_MATCH = YES;
				CODE_SIGN_IDENTITY = "iPhone Developer";
				COPY_PHASE_STRIP = NO;
				DEBUG_INFORMATION_FORMAT = dwarf;
				ENABLE_STRICT_OBJC_MSGSEND = YES;
				ENABLE_TESTABILITY = YES;
				GCC_C_LANGUAGE_STANDARD = gnu11;
				GCC_DYNAMIC_NO_PIC = NO;
				GCC_NO_COMMON_BLOCKS = YES;
				GCC_OPTIMIZATION_LEVEL = 0;
				GCC_PREPROCESSOR_DEFINITIONS = (
					"DEBUG=1",
					"$(inherited)",
				);
				GCC_WARN_64_TO_32_BIT_CONVERSION = YES;
				GCC_WARN_ABOUT_RETURN_TYPE = YES_ERROR;
				GCC_WARN_UNDECLARED_SELECTOR = YES;
				GCC_WARN_UNINITIALIZED_AUTOS = YES_AGGRESSIVE;
				GCC_WARN_UNUSED_FUNCTION = YES;
				GCC_WARN_UNUSED_VARIABLE = YES;
				IPHONEOS_DEPLOYMENT_TARGET = 12.2;
				MTL_ENABLE_DEBUG_INFO = INCLUDE_SOURCE;
				MTL_FAST_MATH = YES;
				ONLY_ACTIVE_ARCH = YES;
				SDKROOT = iphoneos;
				SWIFT_ACTIVE_COMPILATION_CONDITIONS = DEBUG;
				SWIFT_OPTIMIZATION_LEVEL = "-Onone";
			};
			name = Debug;
		};
		EBAF1DC222DF04BE002FFFF0 /* Release */ = {
			isa = XCBuildConfiguration;
			buildSettings = {
				ALWAYS_SEARCH_USER_PATHS = NO;
				CLANG_ANALYZER_NONNULL = YES;
				CLANG_ANALYZER_NUMBER_OBJECT_CONVERSION = YES_AGGRESSIVE;
				CLANG_CXX_LANGUAGE_STANDARD = "gnu++14";
				CLANG_CXX_LIBRARY = "libc++";
				CLANG_ENABLE_MODULES = YES;
				CLANG_ENABLE_OBJC_ARC = YES;
				CLANG_ENABLE_OBJC_WEAK = YES;
				CLANG_WARN_BLOCK_CAPTURE_AUTORELEASING = YES;
				CLANG_WARN_BOOL_CONVERSION = YES;
				CLANG_WARN_COMMA = YES;
				CLANG_WARN_CONSTANT_CONVERSION = YES;
				CLANG_WARN_DEPRECATED_OBJC_IMPLEMENTATIONS = YES;
				CLANG_WARN_DIRECT_OBJC_ISA_USAGE = YES_ERROR;
				CLANG_WARN_DOCUMENTATION_COMMENTS = YES;
				CLANG_WARN_EMPTY_BODY = YES;
				CLANG_WARN_ENUM_CONVERSION = YES;
				CLANG_WARN_INFINITE_RECURSION = YES;
				CLANG_WARN_INT_CONVERSION = YES;
				CLANG_WARN_NON_LITERAL_NULL_CONVERSION = YES;
				CLANG_WARN_OBJC_IMPLICIT_RETAIN_SELF = YES;
				CLANG_WARN_OBJC_LITERAL_CONVERSION = YES;
				CLANG_WARN_OBJC_ROOT_CLASS = YES_ERROR;
				CLANG_WARN_RANGE_LOOP_ANALYSIS = YES;
				CLANG_WARN_STRICT_PROTOTYPES = YES;
				CLANG_WARN_SUSPICIOUS_MOVE = YES;
				CLANG_WARN_UNGUARDED_AVAILABILITY = YES_AGGRESSIVE;
				CLANG_WARN_UNREACHABLE_CODE = YES;
				CLANG_WARN__DUPLICATE_METHOD_MATCH = YES;
				CODE_SIGN_IDENTITY = "iPhone Developer";
				COPY_PHASE_STRIP = NO;
				DEBUG_INFORMATION_FORMAT = "dwarf-with-dsym";
				ENABLE_NS_ASSERTIONS = NO;
				ENABLE_STRICT_OBJC_MSGSEND = YES;
				GCC_C_LANGUAGE_STANDARD = gnu11;
				GCC_NO_COMMON_BLOCKS = YES;
				GCC_WARN_64_TO_32_BIT_CONVERSION = YES;
				GCC_WARN_ABOUT_RETURN_TYPE = YES_ERROR;
				GCC_WARN_UNDECLARED_SELECTOR = YES;
				GCC_WARN_UNINITIALIZED_AUTOS = YES_AGGRESSIVE;
				GCC_WARN_UNUSED_FUNCTION = YES;
				GCC_WARN_UNUSED_VARIABLE = YES;
				IPHONEOS_DEPLOYMENT_TARGET = 12.2;
				MTL_ENABLE_DEBUG_INFO = NO;
				MTL_FAST_MATH = YES;
				SDKROOT = iphoneos;
				SWIFT_COMPILATION_MODE = wholemodule;
				SWIFT_OPTIMIZATION_LEVEL = "-O";
				VALIDATE_PRODUCT = YES;
			};
			name = Release;
		};
		EBAF1DC422DF04BE002FFFF0 /* Debug */ = {
			isa = XCBuildConfiguration;
			baseConfigurationReference = FB48D46067E7EA3651D32340 /* Pods-ChabitApp.debug.xcconfig */;
			buildSettings = {
				ASSETCATALOG_COMPILER_APPICON_NAME = AppIcon;
				CODE_SIGN_STYLE = Automatic;
				DEVELOPMENT_TEAM = 46X9JWL5UU;
				INFOPLIST_FILE = ChabitApp/Info.plist;
				LD_RUNPATH_SEARCH_PATHS = (
					"$(inherited)",
					"@executable_path/Frameworks",
				);
				PRODUCT_BUNDLE_IDENTIFIER = com.fauzify.ChabitApp;
				PRODUCT_NAME = "$(TARGET_NAME)";
				SWIFT_VERSION = 5.0;
				TARGETED_DEVICE_FAMILY = "1,2";
			};
			name = Debug;
		};
		EBAF1DC522DF04BE002FFFF0 /* Release */ = {
			isa = XCBuildConfiguration;
			baseConfigurationReference = 13CEF8B5F2E4D480076EA675 /* Pods-ChabitApp.release.xcconfig */;
			buildSettings = {
				ASSETCATALOG_COMPILER_APPICON_NAME = AppIcon;
				CODE_SIGN_STYLE = Automatic;
				DEVELOPMENT_TEAM = 46X9JWL5UU;
				INFOPLIST_FILE = ChabitApp/Info.plist;
				LD_RUNPATH_SEARCH_PATHS = (
					"$(inherited)",
					"@executable_path/Frameworks",
				);
				PRODUCT_BUNDLE_IDENTIFIER = com.fauzify.ChabitApp;
				PRODUCT_NAME = "$(TARGET_NAME)";
				SWIFT_VERSION = 5.0;
				TARGETED_DEVICE_FAMILY = "1,2";
			};
			name = Release;
		};
/* End XCBuildConfiguration section */

/* Begin XCConfigurationList section */
		EBAF1DA922DF04BD002FFFF0 /* Build configuration list for PBXProject "ChabitApp" */ = {
			isa = XCConfigurationList;
			buildConfigurations = (
				EBAF1DC122DF04BE002FFFF0 /* Debug */,
				EBAF1DC222DF04BE002FFFF0 /* Release */,
			);
			defaultConfigurationIsVisible = 0;
			defaultConfigurationName = Release;
		};
		EBAF1DC322DF04BE002FFFF0 /* Build configuration list for PBXNativeTarget "ChabitApp" */ = {
			isa = XCConfigurationList;
			buildConfigurations = (
				EBAF1DC422DF04BE002FFFF0 /* Debug */,
				EBAF1DC522DF04BE002FFFF0 /* Release */,
			);
			defaultConfigurationIsVisible = 0;
			defaultConfigurationName = Release;
		};
/* End XCConfigurationList section */

/* Begin XCVersionGroup section */
		EBAF1DB822DF04BD002FFFF0 /* ChabitApp.xcdatamodeld */ = {
			isa = XCVersionGroup;
			children = (
				EBAF1DB922DF04BD002FFFF0 /* ChabitApp.xcdatamodel */,
			);
			currentVersion = EBAF1DB922DF04BD002FFFF0 /* ChabitApp.xcdatamodel */;
			path = ChabitApp.xcdatamodeld;
			sourceTree = "<group>";
			versionGroupType = wrapper.xcdatamodel;
		};
/* End XCVersionGroup section */
	};
	rootObject = EBAF1DA622DF04BD002FFFF0 /* Project object */;
}
